
Microsoft Visual Studio Solution File, Format Version 12.00
# Visual Studio Version 17
VisualStudioVersion = 17.0.31903.59
MinimumVisualStudioVersion = 10.0.40219.1
Project("{9A19103F-16F7-4668-BE54-9A1E7A4F7556}") = "Domain", "EnglishSchool\Domain\Domain.csproj", "{D8B8F4E2-8E8B-4F4E-8E8B-8E8B8E8B8E8B}"
EndProject
Project("{9A19103F-16F7-4668-BE54-9A1E7A4F7556}") = "Application", "EnglishSchool\Application\Application.csproj", "{A8B8F4E2-8E8B-4F4E-8E8B-8E8B8E8B8E8B}"
EndProject
Project("{9A19103F-16F7-4668-BE54-9A1E7A4F7556}") = "Infrastructure", "EnglishSchool\Infrastructure\Infrastructure.csproj", "{ABB7E9F2-33C7-12BF-3C44-EA01B10F496D}"
EndProject
Project("{9A19103F-16F7-4668-BE54-9A1E7A4F7556}") = "Web", "EnglishSchool\Web\Web.csproj", "{A76C97B6-D166-4710-C352-D3889412C4CC}"
EndProject
Project("{2150E333-8FDC-42A3-9474-1A3956D46DE8}") = "EnglishSchool", "EnglishSchool", "{5DAD1C19-31A0-C27C-D74D-023943DE5D13}"
EndProject
Project("{FAE04EC0-301F-11D3-BF4B-00C04F79EFBC}") = "Migrations", "EnglishSchool\Migrations\Migrations.csproj", "{5A072B51-EE14-4DFB-BE96-36C57932BBFA}"
EndProject
Global
	GlobalSection(SolutionConfigurationPlatforms) = preSolution
		Debug|Any CPU = Debug|Any CPU
		Debug|x64 = Debug|x64
		Debug|x86 = Debug|x86
		Release|Any CPU = Release|Any CPU
		Release|x64 = Release|x64
		Release|x86 = Release|x86
	EndGlobalSection
	GlobalSection(ProjectConfigurationPlatforms) = postSolution
		{D8B8F4E2-8E8B-4F4E-8E8B-8E8B8E8B8E8B}.Debug|Any CPU.ActiveCfg = Debug|Any CPU
		{D8B8F4E2-8E8B-4F4E-8E8B-8E8B8E8B8E8B}.Debug|Any CPU.Build.0 = Debug|Any CPU
		{D8B8F4E2-8E8B-4F4E-8E8B-8E8B8E8B8E8B}.Debug|x64.ActiveCfg = Debug|Any CPU
		{D8B8F4E2-8E8B-4F4E-8E8B-8E8B8E8B8E8B}.Debug|x64.Build.0 = Debug|Any CPU
		{D8B8F4E2-8E8B-4F4E-8E8B-8E8B8E8B8E8B}.Debug|x86.ActiveCfg = Debug|Any CPU
		{D8B8F4E2-8E8B-4F4E-8E8B-8E8B8E8B8E8B}.Debug|x86.Build.0 = Debug|Any CPU
		{D8B8F4E2-8E8B-4F4E-8E8B-8E8B8E8B8E8B}.Release|Any CPU.ActiveCfg = Release|Any CPU
		{D8B8F4E2-8E8B-4F4E-8E8B-8E8B8E8B8E8B}.Release|Any CPU.Build.0 = Release|Any CPU
		{D8B8F4E2-8E8B-4F4E-8E8B-8E8B8E8B8E8B}.Release|x64.ActiveCfg = Release|Any CPU
		{D8B8F4E2-8E8B-4F4E-8E8B-8E8B8E8B8E8B}.Release|x64.Build.0 = Release|Any CPU
		{D8B8F4E2-8E8B-4F4E-8E8B-8E8B8E8B8E8B}.Release|x86.ActiveCfg = Release|Any CPU
		{D8B8F4E2-8E8B-4F4E-8E8B-8E8B8E8B8E8B}.Release|x86.Build.0 = Release|Any CPU
		{A8B8F4E2-8E8B-4F4E-8E8B-8E8B8E8B8E8B}.Debug|Any CPU.ActiveCfg = Debug|Any CPU
		{A8B8F4E2-8E8B-4F4E-8E8B-8E8B8E8B8E8B}.Debug|Any CPU.Build.0 = Debug|Any CPU
		{A8B8F4E2-8E8B-4F4E-8E8B-8E8B8E8B8E8B}.Debug|x64.ActiveCfg = Debug|Any CPU
		{A8B8F4E2-8E8B-4F4E-8E8B-8E8B8E8B8E8B}.Debug|x64.Build.0 = Debug|Any CPU
		{A8B8F4E2-8E8B-4F4E-8E8B-8E8B8E8B8E8B}.Debug|x86.ActiveCfg = Debug|Any CPU
		{A8B8F4E2-8E8B-4F4E-8E8B-8E8B8E8B8E8B}.Debug|x86.Build.0 = Debug|Any CPU
		{A8B8F4E2-8E8B-4F4E-8E8B-8E8B8E8B8E8B}.Release|Any CPU.ActiveCfg = Release|Any CPU
		{A8B8F4E2-8E8B-4F4E-8E8B-8E8B8E8B8E8B}.Release|Any CPU.Build.0 = Release|Any CPU
		{A8B8F4E2-8E8B-4F4E-8E8B-8E8B8E8B8E8B}.Release|x64.ActiveCfg = Release|Any CPU
		{A8B8F4E2-8E8B-4F4E-8E8B-8E8B8E8B8E8B}.Release|x64.Build.0 = Release|Any CPU
		{A8B8F4E2-8E8B-4F4E-8E8B-8E8B8E8B8E8B}.Release|x86.ActiveCfg = Release|Any CPU
		{A8B8F4E2-8E8B-4F4E-8E8B-8E8B8E8B8E8B}.Release|x86.Build.0 = Release|Any CPU
		{ABB7E9F2-33C7-12BF-3C44-EA01B10F496D}.Debug|Any CPU.ActiveCfg = Debug|Any CPU
		{ABB7E9F2-33C7-12BF-3C44-EA01B10F496D}.Debug|Any CPU.Build.0 = Debug|Any CPU
		{ABB7E9F2-33C7-12BF-3C44-EA01B10F496D}.Debug|x64.ActiveCfg = Debug|Any CPU
		{ABB7E9F2-33C7-12BF-3C44-EA01B10F496D}.Debug|x64.Build.0 = Debug|Any CPU
		{ABB7E9F2-33C7-12BF-3C44-EA01B10F496D}.Debug|x86.ActiveCfg = Debug|Any CPU
		{ABB7E9F2-33C7-12BF-3C44-EA01B10F496D}.Debug|x86.Build.0 = Debug|Any CPU
		{ABB7E9F2-33C7-12BF-3C44-EA01B10F496D}.Release|Any CPU.ActiveCfg = Release|Any CPU
		{ABB7E9F2-33C7-12BF-3C44-EA01B10F496D}.Release|Any CPU.Build.0 = Release|Any CPU
		{ABB7E9F2-33C7-12BF-3C44-EA01B10F496D}.Release|x64.ActiveCfg = Release|Any CPU
		{ABB7E9F2-33C7-12BF-3C44-EA01B10F496D}.Release|x64.Build.0 = Release|Any CPU
		{ABB7E9F2-33C7-12BF-3C44-EA01B10F496D}.Release|x86.ActiveCfg = Release|Any CPU
		{ABB7E9F2-33C7-12BF-3C44-EA01B10F496D}.Release|x86.Build.0 = Release|Any CPU
		{A76C97B6-D166-4710-C352-D3889412C4CC}.Debug|Any CPU.ActiveCfg = Debug|Any CPU
		{A76C97B6-D166-4710-C352-D3889412C4CC}.Debug|Any CPU.Build.0 = Debug|Any CPU
		{A76C97B6-D166-4710-C352-D3889412C4CC}.Debug|x64.ActiveCfg = Debug|Any CPU
		{A76C97B6-D166-4710-C352-D3889412C4CC}.Debug|x64.Build.0 = Debug|Any CPU
		{A76C97B6-D166-4710-C352-D3889412C4CC}.Debug|x86.ActiveCfg = Debug|Any CPU
		{A76C97B6-D166-4710-C352-D3889412C4CC}.Debug|x86.Build.0 = Debug|Any CPU
		{A76C97B6-D166-4710-C352-D3889412C4CC}.Release|Any CPU.ActiveCfg = Release|Any CPU
		{A76C97B6-D166-4710-C352-D3889412C4CC}.Release|Any CPU.Build.0 = Release|Any CPU
		{A76C97B6-D166-4710-C352-D3889412C4CC}.Release|x64.ActiveCfg = Release|Any CPU
		{A76C97B6-D166-4710-C352-D3889412C4CC}.Release|x64.Build.0 = Release|Any CPU
		{A76C97B6-D166-4710-C352-D3889412C4CC}.Release|x86.ActiveCfg = Release|Any CPU
		{A76C97B6-D166-4710-C352-D3889412C4CC}.Release|x86.Build.0 = Release|Any CPU
		{5A072B51-EE14-4DFB-BE96-36C57932BBFA}.Debug|Any CPU.ActiveCfg = Debug|Any CPU
		{5A072B51-EE14-4DFB-BE96-36C57932BBFA}.Debug|Any CPU.Build.0 = Debug|Any CPU
		{5A072B51-EE14-4DFB-BE96-36C57932BBFA}.Debug|x64.ActiveCfg = Debug|Any CPU
		{5A072B51-EE14-4DFB-BE96-36C57932BBFA}.Debug|x64.Build.0 = Debug|Any CPU
		{5A072B51-EE14-4DFB-BE96-36C57932BBFA}.Debug|x86.ActiveCfg = Debug|Any CPU
		{5A072B51-EE14-4DFB-BE96-36C57932BBFA}.Debug|x86.Build.0 = Debug|Any CPU
		{5A072B51-EE14-4DFB-BE96-36C57932BBFA}.Release|Any CPU.ActiveCfg = Release|Any CPU
		{5A072B51-EE14-4DFB-BE96-36C57932BBFA}.Release|Any CPU.Build.0 = Release|Any CPU
		{5A072B51-EE14-4DFB-BE96-36C57932BBFA}.Release|x64.ActiveCfg = Release|Any CPU
		{5A072B51-EE14-4DFB-BE96-36C57932BBFA}.Release|x64.Build.0 = Release|Any CPU
		{5A072B51-EE14-4DFB-BE96-36C57932BBFA}.Release|x86.ActiveCfg = Release|Any CPU
		{5A072B51-EE14-4DFB-BE96-36C57932BBFA}.Release|x86.Build.0 = Release|Any CPU
	EndGlobalSection
	GlobalSection(SolutionProperties) = preSolution
		HideSolutionNode = FALSE
	EndGlobalSection
	GlobalSection(NestedProjects) = preSolution
		{5A072B51-EE14-4DFB-BE96-36C57932BBFA} = {5DAD1C19-31A0-C27C-D74D-023943DE5D13}
	EndGlobalSection
	GlobalSection(ExtensibilityGlobals) = postSolution
		SolutionGuid = {6E8B8F4E-2E8B-4F4E-8E8B-8E8B8E8B8E8B}
	EndGlobalSection
EndGlobal
