
Microsoft Visual Studio Solution File, Format Version 12.00
# Visual Studio Version 17
VisualStudioVersion = 17.0.31903.59
MinimumVisualStudioVersion = 10.0.40219.1
Project("{FAE04EC0-301F-11D3-BF4B-00C04F79EFBC}") = "Payments.Domain", "Payments.Domain\Payments.Domain.csproj", "{4A1009CD-F597-4D3E-BAC0-E60C0C20CA66}"
EndProject
Project("{FAE04EC0-301F-11D3-BF4B-00C04F79EFBC}") = "Payments.Application", "Payments.Application\Payments.Application.csproj", "{55C9E4D1-B1B9-4013-8DFF-5BFED358CCF7}"
EndProject
Project("{FAE04EC0-301F-11D3-BF4B-00C04F79EFBC}") = "Payments.Infrastructure", "Payments.Infrastructure\Payments.Infrastructure.csproj", "{8C72F349-B7DD-4232-8507-4B2836827E72}"
EndProject
Project("{FAE04EC0-301F-11D3-BF4B-00C04F79EFBC}") = "Payments.API", "Payments.API\Payments.API.csproj", "{46116174-7CF4-4128-812B-2B317B9033C2}"
EndProject
Project("{FAE04EC0-301F-11D3-BF4B-00C04F79EFBC}") = "Payments.Migrations", "Payments.Migrations\Payments.Migrations.csproj", "{DDE4808E-F4C1-476D-9AC3-47EE7ADEDD9D}"
EndProject
Global
	GlobalSection(SolutionConfigurationPlatforms) = preSolution
		Debug|Any CPU = Debug|Any CPU
		Debug|x64 = Debug|x64
		Debug|x86 = Debug|x86
		Release|Any CPU = Release|Any CPU
		Release|x64 = Release|x64
		Release|x86 = Release|x86
	EndGlobalSection
	GlobalSection(ProjectConfigurationPlatforms) = postSolution
		{4A1009CD-F597-4D3E-BAC0-E60C0C20CA66}.Debug|Any CPU.ActiveCfg = Debug|Any CPU
		{4A1009CD-F597-4D3E-BAC0-E60C0C20CA66}.Debug|Any CPU.Build.0 = Debug|Any CPU
		{4A1009CD-F597-4D3E-BAC0-E60C0C20CA66}.Debug|x64.ActiveCfg = Debug|Any CPU
		{4A1009CD-F597-4D3E-BAC0-E60C0C20CA66}.Debug|x64.Build.0 = Debug|Any CPU
		{4A1009CD-F597-4D3E-BAC0-E60C0C20CA66}.Debug|x86.ActiveCfg = Debug|Any CPU
		{4A1009CD-F597-4D3E-BAC0-E60C0C20CA66}.Debug|x86.Build.0 = Debug|Any CPU
		{4A1009CD-F597-4D3E-BAC0-E60C0C20CA66}.Release|Any CPU.ActiveCfg = Release|Any CPU
		{4A1009CD-F597-4D3E-BAC0-E60C0C20CA66}.Release|Any CPU.Build.0 = Release|Any CPU
		{4A1009CD-F597-4D3E-BAC0-E60C0C20CA66}.Release|x64.ActiveCfg = Release|Any CPU
		{4A1009CD-F597-4D3E-BAC0-E60C0C20CA66}.Release|x64.Build.0 = Release|Any CPU
		{4A1009CD-F597-4D3E-BAC0-E60C0C20CA66}.Release|x86.ActiveCfg = Release|Any CPU
		{4A1009CD-F597-4D3E-BAC0-E60C0C20CA66}.Release|x86.Build.0 = Release|Any CPU
		{55C9E4D1-B1B9-4013-8DFF-5BFED358CCF7}.Debug|Any CPU.ActiveCfg = Debug|Any CPU
		{55C9E4D1-B1B9-4013-8DFF-5BFED358CCF7}.Debug|Any CPU.Build.0 = Debug|Any CPU
		{55C9E4D1-B1B9-4013-8DFF-5BFED358CCF7}.Debug|x64.ActiveCfg = Debug|Any CPU
		{55C9E4D1-B1B9-4013-8DFF-5BFED358CCF7}.Debug|x64.Build.0 = Debug|Any CPU
		{55C9E4D1-B1B9-4013-8DFF-5BFED358CCF7}.Debug|x86.ActiveCfg = Debug|Any CPU
		{55C9E4D1-B1B9-4013-8DFF-5BFED358CCF7}.Debug|x86.Build.0 = Debug|Any CPU
		{55C9E4D1-B1B9-4013-8DFF-5BFED358CCF7}.Release|Any CPU.ActiveCfg = Release|Any CPU
		{55C9E4D1-B1B9-4013-8DFF-5BFED358CCF7}.Release|Any CPU.Build.0 = Release|Any CPU
		{55C9E4D1-B1B9-4013-8DFF-5BFED358CCF7}.Release|x64.ActiveCfg = Release|Any CPU
		{55C9E4D1-B1B9-4013-8DFF-5BFED358CCF7}.Release|x64.Build.0 = Release|Any CPU
		{55C9E4D1-B1B9-4013-8DFF-5BFED358CCF7}.Release|x86.ActiveCfg = Release|Any CPU
		{55C9E4D1-B1B9-4013-8DFF-5BFED358CCF7}.Release|x86.Build.0 = Release|Any CPU
		{8C72F349-B7DD-4232-8507-4B2836827E72}.Debug|Any CPU.ActiveCfg = Debug|Any CPU
		{8C72F349-B7DD-4232-8507-4B2836827E72}.Debug|Any CPU.Build.0 = Debug|Any CPU
		{8C72F349-B7DD-4232-8507-4B2836827E72}.Debug|x64.ActiveCfg = Debug|Any CPU
		{8C72F349-B7DD-4232-8507-4B2836827E72}.Debug|x64.Build.0 = Debug|Any CPU
		{8C72F349-B7DD-4232-8507-4B2836827E72}.Debug|x86.ActiveCfg = Debug|Any CPU
		{8C72F349-B7DD-4232-8507-4B2836827E72}.Debug|x86.Build.0 = Debug|Any CPU
		{8C72F349-B7DD-4232-8507-4B2836827E72}.Release|Any CPU.ActiveCfg = Release|Any CPU
		{8C72F349-B7DD-4232-8507-4B2836827E72}.Release|Any CPU.Build.0 = Release|Any CPU
		{8C72F349-B7DD-4232-8507-4B2836827E72}.Release|x64.ActiveCfg = Release|Any CPU
		{8C72F349-B7DD-4232-8507-4B2836827E72}.Release|x64.Build.0 = Release|Any CPU
		{8C72F349-B7DD-4232-8507-4B2836827E72}.Release|x86.ActiveCfg = Release|Any CPU
		{8C72F349-B7DD-4232-8507-4B2836827E72}.Release|x86.Build.0 = Release|Any CPU
		{46116174-7CF4-4128-812B-2B317B9033C2}.Debug|Any CPU.ActiveCfg = Debug|Any CPU
		{46116174-7CF4-4128-812B-2B317B9033C2}.Debug|Any CPU.Build.0 = Debug|Any CPU
		{46116174-7CF4-4128-812B-2B317B9033C2}.Debug|x64.ActiveCfg = Debug|Any CPU
		{46116174-7CF4-4128-812B-2B317B9033C2}.Debug|x64.Build.0 = Debug|Any CPU
		{46116174-7CF4-4128-812B-2B317B9033C2}.Debug|x86.ActiveCfg = Debug|Any CPU
		{46116174-7CF4-4128-812B-2B317B9033C2}.Debug|x86.Build.0 = Debug|Any CPU
		{46116174-7CF4-4128-812B-2B317B9033C2}.Release|Any CPU.ActiveCfg = Release|Any CPU
		{46116174-7CF4-4128-812B-2B317B9033C2}.Release|Any CPU.Build.0 = Release|Any CPU
		{46116174-7CF4-4128-812B-2B317B9033C2}.Release|x64.ActiveCfg = Release|Any CPU
		{46116174-7CF4-4128-812B-2B317B9033C2}.Release|x64.Build.0 = Release|Any CPU
		{46116174-7CF4-4128-812B-2B317B9033C2}.Release|x86.ActiveCfg = Release|Any CPU
		{46116174-7CF4-4128-812B-2B317B9033C2}.Release|x86.Build.0 = Release|Any CPU
		{DDE4808E-F4C1-476D-9AC3-47EE7ADEDD9D}.Debug|Any CPU.ActiveCfg = Debug|Any CPU
		{DDE4808E-F4C1-476D-9AC3-47EE7ADEDD9D}.Debug|Any CPU.Build.0 = Debug|Any CPU
		{DDE4808E-F4C1-476D-9AC3-47EE7ADEDD9D}.Debug|x64.ActiveCfg = Debug|Any CPU
		{DDE4808E-F4C1-476D-9AC3-47EE7ADEDD9D}.Debug|x64.Build.0 = Debug|Any CPU
		{DDE4808E-F4C1-476D-9AC3-47EE7ADEDD9D}.Debug|x86.ActiveCfg = Debug|Any CPU
		{DDE4808E-F4C1-476D-9AC3-47EE7ADEDD9D}.Debug|x86.Build.0 = Debug|Any CPU
		{DDE4808E-F4C1-476D-9AC3-47EE7ADEDD9D}.Release|Any CPU.ActiveCfg = Release|Any CPU
		{DDE4808E-F4C1-476D-9AC3-47EE7ADEDD9D}.Release|Any CPU.Build.0 = Release|Any CPU
		{DDE4808E-F4C1-476D-9AC3-47EE7ADEDD9D}.Release|x64.ActiveCfg = Release|Any CPU
		{DDE4808E-F4C1-476D-9AC3-47EE7ADEDD9D}.Release|x64.Build.0 = Release|Any CPU
		{DDE4808E-F4C1-476D-9AC3-47EE7ADEDD9D}.Release|x86.ActiveCfg = Release|Any CPU
		{DDE4808E-F4C1-476D-9AC3-47EE7ADEDD9D}.Release|x86.Build.0 = Release|Any CPU
	EndGlobalSection
	GlobalSection(SolutionProperties) = preSolution
		HideSolutionNode = FALSE
	EndGlobalSection
EndGlobal
